<?xml version="1.0" encoding="utf-8"?>
<Project ToolsVersion="4.0" xmlns="http://schemas.microsoft.com/developer/msbuild/2003">
  <ItemGroup>
    <ClCompile Include="Comp345_Risk.cpp" />
    <ClCompile Include="Base\RiskObject.cpp">
      <Filter>Base</Filter>
    </ClCompile>
    <ClCompile Include="Player\Card\Card.cpp">
      <Filter>Player\Cards</Filter>
    </ClCompile>
    <ClCompile Include="Player\Card\Deck.cpp">
      <Filter>Player\Cards</Filter>
    </ClCompile>
    <ClCompile Include="Player\Card\Hand.cpp">
      <Filter>Player\Cards</Filter>
    </ClCompile>
    <ClCompile Include="Player\Dice.cpp">
      <Filter>Player</Filter>
    </ClCompile>
    <ClCompile Include="Map\Continent.cpp">
      <Filter>Map</Filter>
    </ClCompile>
    <ClCompile Include="Map\Country.cpp">
      <Filter>Map</Filter>
    </ClCompile>
    <ClCompile Include="Map\RiskMap.cpp">
      <Filter>Map</Filter>
    </ClCompile>
    <ClCompile Include="Map\MapLoader\MapLoader.cpp">
      <Filter>Map\MapLoader</Filter>
    </ClCompile>
    <ClCompile Include="Player\DiceRoller.cpp">
      <Filter>Player</Filter>
    </ClCompile>
    <ClCompile Include="Base\Driver.cpp">
      <Filter>Base</Filter>
    </ClCompile>
    <ClCompile Include="Game\Game.cpp">
      <Filter>Game</Filter>
    </ClCompile>
    <ClCompile Include="Game\GameStart.cpp">
      <Filter>Game</Filter>
    </ClCompile>
    <ClCompile Include="Player\Human.cpp">
      <Filter>Player</Filter>
    </ClCompile>
    <ClCompile Include="Drivers\StrategyDriver.cpp">
      <Filter>Drivers</Filter>
    </ClCompile>
    <ClCompile Include="Player\TypeOfPlayer.cpp">
      <Filter>Player</Filter>
    </ClCompile>
    <ClCompile Include="Player\AggressiveAI.cpp">
      <Filter>Player</Filter>
    </ClCompile>
    <ClCompile Include="Player\PassiveAI.cpp">
      <Filter>Player</Filter>
    </ClCompile>
    <ClCompile Include="Game\GameState.cpp">
      <Filter>Game</Filter>
    </ClCompile>
    <ClCompile Include="Game\UI\GameUI.cpp">
      <Filter>Game\UI</Filter>
    </ClCompile>
    <ClCompile Include="Patterns\Observer\Observer.cpp">
      <Filter>Patterns\Observer</Filter>
    </ClCompile>
    <ClCompile Include="Patterns\Observer\Subject.cpp">
      <Filter>Patterns\Observer</Filter>
    </ClCompile>
    <ClCompile Include="Player\Player.cpp">
      <Filter>Player</Filter>
    </ClCompile>
    <ClCompile Include="Drivers\TournamentDriver.cpp">
      <Filter>Drivers</Filter>
    </ClCompile>
    <ClCompile Include="Player\RandomPlayer.cpp">
      <Filter>Player</Filter>
    </ClCompile>
    <ClCompile Include="Game\Tournament.cpp">
      <Filter>Game</Filter>
    </ClCompile>
    <ClCompile Include="Player\CheaterAI.cpp">
      <Filter>Player</Filter>
    </ClCompile>
    <ClCompile Include="Drivers\DecoratedStatisticsDriver.cpp">
      <Filter>Drivers</Filter>
    </ClCompile>
    <ClCompile Include="Game\UI\Decorators\DominationUI.cpp">
      <Filter>Game\UI\Decorators</Filter>
    </ClCompile>
    <ClCompile Include="Game\UI\Decorators\GameStatisticsDecorator.cpp">
      <Filter>Game\UI\Decorators</Filter>
    </ClCompile>
    <ClCompile Include="Game\UI\Decorators\TextBasedUI.cpp">
      <Filter>Game\UI\Decorators</Filter>
    </ClCompile>
    <ClCompile Include="Game\UI\Decorators\UIOutputDecorator.cpp">
      <Filter>Game\UI\Decorators</Filter>
    </ClCompile>
    <ClCompile Include="Game\UI\Decorators\ContinentControlU.cpp">
      <Filter>Game\UI\Decorators</Filter>
    </ClCompile>
    <ClCompile Include="Game\UI\Decorators\PlayerHandU.cpp">
      <Filter>Game\UI\Decorators</Filter>
    </ClCompile>
  </ItemGroup>
  <ItemGroup>
    <ClInclude Include="resource.h" />
    <ClInclude Include="targetver.h" />
    <ClInclude Include="Base\RiskObject.h">
      <Filter>Base</Filter>
    </ClInclude>
    <ClInclude Include="Base\Utils.h">
      <Filter>Base</Filter>
    </ClInclude>
    <ClInclude Include="Player\Card\Card.h">
      <Filter>Player\Cards</Filter>
    </ClInclude>
    <ClInclude Include="Player\Card\Deck.h">
      <Filter>Player\Cards</Filter>
    </ClInclude>
    <ClInclude Include="Player\Card\Hand.h">
      <Filter>Player\Cards</Filter>
    </ClInclude>
    <ClInclude Include="Player\Dice.h">
      <Filter>Player</Filter>
    </ClInclude>
    <ClInclude Include="Map\Continent.h">
      <Filter>Map</Filter>
    </ClInclude>
    <ClInclude Include="Map\Country.h">
      <Filter>Map</Filter>
    </ClInclude>
    <ClInclude Include="Map\RiskMap.h">
      <Filter>Map</Filter>
    </ClInclude>
    <ClInclude Include="Map\MapLoader\MapLoader.h">
      <Filter>Map\MapLoader</Filter>
    </ClInclude>
    <ClInclude Include="Player\DiceRoller.h">
      <Filter>Player</Filter>
    </ClInclude>
    <ClInclude Include="Base\Driver.h">
      <Filter>Base</Filter>
    </ClInclude>
    <ClInclude Include="Game\Game.h">
      <Filter>Game</Filter>
    </ClInclude>
    <ClInclude Include="Game\GameStart.h">
      <Filter>Game</Filter>
    </ClInclude>
    <ClInclude Include="Player\Human.h">
      <Filter>Player</Filter>
    </ClInclude>
    <ClInclude Include="Player\TypeOfPlayer.h">
      <Filter>Player</Filter>
    </ClInclude>
    <ClInclude Include="Player\AggressiveAI.h">
      <Filter>Player</Filter>
    </ClInclude>
    <ClInclude Include="Player\PassiveAI.h">
      <Filter>Player</Filter>
    </ClInclude>
    <ClInclude Include="Game\GamePhase.h">
      <Filter>Game</Filter>
    </ClInclude>
    <ClInclude Include="Game\GameState.h">
      <Filter>Game</Filter>
    </ClInclude>
    <ClInclude Include="Game\UI\GameUI.h">
      <Filter>Game\UI</Filter>
    </ClInclude>
    <ClInclude Include="Patterns\Observer\Observer.h">
      <Filter>Patterns\Observer</Filter>
    </ClInclude>
    <ClInclude Include="Patterns\Observer\Subject.h">
      <Filter>Patterns\Observer</Filter>
    </ClInclude>
    <ClInclude Include="Player\Player.h">
      <Filter>Player</Filter>
    </ClInclude>
    <ClInclude Include="Drivers\StrategyDriver.h">
      <Filter>Drivers</Filter>
    </ClInclude>
    <ClInclude Include="Drivers\TournamentDriver.h">
      <Filter>Drivers</Filter>
    </ClInclude>
    <ClInclude Include="Player\RandomPlayer.h">
      <Filter>Player</Filter>
    </ClInclude>
    <ClInclude Include="Game\Tournament.h">
      <Filter>Game</Filter>
    </ClInclude>
    <ClInclude Include="Player\CheaterAI.h">
      <Filter>Player</Filter>
    </ClInclude>
    <ClInclude Include="Drivers\DecoratedStatisticsDriver.h">
      <Filter>Drivers</Filter>
    </ClInclude>
    <ClInclude Include="Game\UI\Decorators\DominationUI.h">
      <Filter>Game\UI\Decorators</Filter>
    </ClInclude>
    <ClInclude Include="Game\UI\Decorators\GameStatisticsDecorator.h">
      <Filter>Game\UI\Decorators</Filter>
    </ClInclude>
    <ClInclude Include="Game\UI\Decorators\TextBasedUI.h">
      <Filter>Game\UI\Decorators</Filter>
    </ClInclude>
    <ClInclude Include="Game\UI\Decorators\UIOutputDecorator.h">
      <Filter>Game\UI\Decorators</Filter>
    </ClInclude>
    <ClInclude Include="Game\UI\Decorators\ContinentControlU.h">
      <Filter>Game\UI\Decorators</Filter>
    </ClInclude>
    <ClInclude Include="Game\UI\Decorators\PlayerHandU.h">
      <Filter>Game\UI\Decorators</Filter>
    </ClInclude>
  </ItemGroup>
  <ItemGroup>
    <Filter Include="Base">
      <UniqueIdentifier>{cc5d74c6-0a84-4e4a-b387-03b9a92087d8}</UniqueIdentifier>
    </Filter>
    <Filter Include="Drivers">
      <UniqueIdentifier>{fa7476b4-017a-41e8-8354-49ff30f0257a}</UniqueIdentifier>
    </Filter>
    <Filter Include="Player">
      <UniqueIdentifier>{e341cff3-a842-4974-8c66-25af3dfad656}</UniqueIdentifier>
    </Filter>
    <Filter Include="Player\Cards">
      <UniqueIdentifier>{57bd65fd-599d-4381-b581-114d612ec1cc}</UniqueIdentifier>
    </Filter>
    <Filter Include="Map">
      <UniqueIdentifier>{693281e8-3bdb-4e51-b21b-49963aa24a3b}</UniqueIdentifier>
    </Filter>
    <Filter Include="Map\MapLoader">
      <UniqueIdentifier>{fd532a92-3016-4c2f-b6c6-60cdbcec0d66}</UniqueIdentifier>
    </Filter>
    <Filter Include="mapfiles">
      <UniqueIdentifier>{3a39d5ca-fd52-4155-a85c-6b591709d12e}</UniqueIdentifier>
    </Filter>
    <Filter Include="Game">
      <UniqueIdentifier>{da70bd8c-e4c0-4b20-bd24-ac4aab498aec}</UniqueIdentifier>
    </Filter>
    <Filter Include="Game\UI">
      <UniqueIdentifier>{6d940007-e270-4342-b3c5-1a844b910148}</UniqueIdentifier>
    </Filter>
    <Filter Include="Patterns">
      <UniqueIdentifier>{3bf3fb31-53d4-4be5-9430-45449f207786}</UniqueIdentifier>
    </Filter>
    <Filter Include="Patterns\Observer">
      <UniqueIdentifier>{125d9377-a4c6-4712-b9a5-2d389db3e46e}</UniqueIdentifier>
    </Filter>
    <Filter Include="Game\UI\Decorators">
      <UniqueIdentifier>{58cd2331-ab17-457b-9466-e1840e8d1139}</UniqueIdentifier>
    </Filter>
  </ItemGroup>
  <ItemGroup>
    <None Include="mapfiles\World.map">
      <Filter>mapfiles</Filter>
    </None>
    <None Include="mapfiles\Lord of the Rings.map">
      <Filter>mapfiles</Filter>
    </None>
    <None Include="mapfiles\broken.map">
      <Filter>mapfiles</Filter>
    </None>
  </ItemGroup>
  <ItemGroup>
    <Text Include="mapfiles\list.txt">
      <Filter>mapfiles</Filter>
    </Text>
  </ItemGroup>
</Project>