<?xml version="1.0" encoding="utf-8"?>
<Project ToolsVersion="4.0" xmlns="http://schemas.microsoft.com/developer/msbuild/2003">
  <ItemGroup>
    <ClCompile Include="Base\RiskObject.cpp" />
    <ClCompile Include="Player\Card\Hand.cpp" />
    <ClCompile Include="Player\Card\Deck.cpp" />
    <ClCompile Include="Player\Card\Card.cpp" />
    <ClCompile Include="Comp345_Risk.cpp" />
    <ClCompile Include="Map\Continent.cpp" />
    <ClCompile Include="Map\Country.cpp" />
    <ClCompile Include="Map\MapDriver.cpp" />
    <ClCompile Include="Map\MapLoader.cpp" />
    <ClCompile Include="Player\Dice.cpp" />
    <ClCompile Include="Map\RiskMap.cpp" />
    <ClCompile Include="MapLoaderDriver.cpp" />
  </ItemGroup>
  <ItemGroup>
    <ClInclude Include="Base\RiskObject.h" />
    <ClInclude Include="Base\Utils.h" />
    <ClInclude Include="Drivers\CardDriver.h" />
    <ClInclude Include="Player\Card\Hand.h" />
    <ClInclude Include="Player\Card\Deck.h" />
    <ClInclude Include="Player\Card\Card.h" />
    <ClInclude Include="Map\Continent.h" />
    <ClInclude Include="Map\Country.h" />
    <ClInclude Include="Map\MapLoader.h" />
    <ClInclude Include="Player\Dice.h" />
    <ClInclude Include="Map\RiskMap.h" />
    <ClInclude Include="resource.h" />
    <ClInclude Include="targetver.h" />
    <ClInclude Include="MapLoaderDriver.h" />
  </ItemGroup>
  <ItemGroup>
    <None Include="mapfiles\World.map" />
  </ItemGroup>
  <ItemGroup>
    <Filter Include="Cards">
      <UniqueIdentifier>{cc5d74c6-0a84-4e4a-b387-03b9a92087d8}</UniqueIdentifier>
    </Filter>
  </ItemGroup>
</Project>