<?xml version="1.0" encoding="utf-8"?>
<Project ToolsVersion="4.0" xmlns="http://schemas.microsoft.com/developer/msbuild/2003">
  <ItemGroup>
    <ClCompile Include="Comp345_Risk.cpp" />
    <ClCompile Include="Base\RiskObject.cpp">
      <Filter>Base</Filter>
    </ClCompile>
    <ClCompile Include="Player\Card\Card.cpp">
      <Filter>Player\Cards</Filter>
    </ClCompile>
    <ClCompile Include="Player\Card\Deck.cpp">
      <Filter>Player\Cards</Filter>
    </ClCompile>
    <ClCompile Include="Player\Card\Hand.cpp">
      <Filter>Player\Cards</Filter>
    </ClCompile>
    <ClCompile Include="Player\Dice.cpp">
      <Filter>Player</Filter>
    </ClCompile>
    <ClCompile Include="Map\Continent.cpp">
      <Filter>Map</Filter>
    </ClCompile>
    <ClCompile Include="Map\Country.cpp">
      <Filter>Map</Filter>
    </ClCompile>
    <ClCompile Include="Map\RiskMap.cpp">
      <Filter>Map</Filter>
    </ClCompile>
    <ClCompile Include="Drivers\MapDriver.cpp">
      <Filter>Drivers</Filter>
    </ClCompile>
    <ClCompile Include="Map\MapLoader\MapLoader.cpp">
      <Filter>Map\MapLoader</Filter>
    </ClCompile>
    <ClCompile Include="Drivers\Driver.cpp">
      <Filter>Drivers</Filter>
    </ClCompile>
    <ClCompile Include="Drivers\CardDriver.cpp">
      <Filter>Drivers</Filter>
    </ClCompile>
    <ClCompile Include="Drivers\MapLoaderDriver.cpp">
      <Filter>Drivers</Filter>
    </ClCompile>
  </ItemGroup>
  <ItemGroup>
    <ClInclude Include="resource.h" />
    <ClInclude Include="targetver.h" />
    <ClInclude Include="Base\RiskObject.h">
      <Filter>Base</Filter>
    </ClInclude>
    <ClInclude Include="Base\Utils.h">
      <Filter>Base</Filter>
    </ClInclude>
    <ClInclude Include="Drivers\CardDriver.h">
      <Filter>Drivers</Filter>
    </ClInclude>
    <ClInclude Include="Player\Card\Card.h">
      <Filter>Player\Cards</Filter>
    </ClInclude>
    <ClInclude Include="Player\Card\Deck.h">
      <Filter>Player\Cards</Filter>
    </ClInclude>
    <ClInclude Include="Player\Card\Hand.h">
      <Filter>Player\Cards</Filter>
    </ClInclude>
    <ClInclude Include="Player\Dice.h">
      <Filter>Player</Filter>
    </ClInclude>
    <ClInclude Include="Map\Continent.h">
      <Filter>Map</Filter>
    </ClInclude>
    <ClInclude Include="Map\Country.h">
      <Filter>Map</Filter>
    </ClInclude>
    <ClInclude Include="Map\RiskMap.h">
      <Filter>Map</Filter>
    </ClInclude>
    <ClInclude Include="Map\MapLoader\MapLoader.h">
      <Filter>Map\MapLoader</Filter>
    </ClInclude>
    <ClInclude Include="Drivers\Driver.h">
      <Filter>Drivers</Filter>
    </ClInclude>
    <ClInclude Include="Drivers\MapDriver.h">
      <Filter>Drivers</Filter>
    </ClInclude>
    <ClInclude Include="Drivers\MapLoaderDriver.h">
      <Filter>Drivers</Filter>
    </ClInclude>
  </ItemGroup>
  <ItemGroup>
    <Filter Include="Base">
      <UniqueIdentifier>{cc5d74c6-0a84-4e4a-b387-03b9a92087d8}</UniqueIdentifier>
    </Filter>
    <Filter Include="Drivers">
      <UniqueIdentifier>{fa7476b4-017a-41e8-8354-49ff30f0257a}</UniqueIdentifier>
    </Filter>
    <Filter Include="Player">
      <UniqueIdentifier>{e341cff3-a842-4974-8c66-25af3dfad656}</UniqueIdentifier>
    </Filter>
    <Filter Include="Player\Cards">
      <UniqueIdentifier>{57bd65fd-599d-4381-b581-114d612ec1cc}</UniqueIdentifier>
    </Filter>
    <Filter Include="Map">
      <UniqueIdentifier>{693281e8-3bdb-4e51-b21b-49963aa24a3b}</UniqueIdentifier>
    </Filter>
    <Filter Include="Map\MapLoader">
      <UniqueIdentifier>{fd532a92-3016-4c2f-b6c6-60cdbcec0d66}</UniqueIdentifier>
    </Filter>
    <Filter Include="mapfiles">
      <UniqueIdentifier>{3a39d5ca-fd52-4155-a85c-6b591709d12e}</UniqueIdentifier>
    </Filter>
  </ItemGroup>
  <ItemGroup>
    <None Include="mapfiles\World.map">
      <Filter>mapfiles</Filter>
    </None>
    <None Include="mapfiles\Lord of the Rings.map">
      <Filter>mapfiles</Filter>
    </None>
    <None Include="mapfiles\broken.map">
      <Filter>mapfiles</Filter>
    </None>
  </ItemGroup>
</Project>